{
  "requires": true,
  "lockfileVersion": 1,
  "dependencies": {
    "@worldskills/bootstrap": {
      "version": "4.3.0",
      "resolved": "https://registry.npmjs.org/@worldskills/bootstrap/-/bootstrap-4.3.0.tgz",
      "integrity": "sha512-LiEbQW2t/Kq7Z8/cm0jq5m21TOXxNVjxasHQO/pExA5B5/3hZ0X1vU9JTfuIRCBK5B4mgCfFDNdoehYPdZ1jsw==",
      "requires": {
        "bootstrap": "^4.3.1"
      }
    },
    "bootstrap": {
      "version": "4.3.1",
      "resolved": "https://registry.npmjs.org/bootstrap/-/bootstrap-4.3.1.tgz",
      "integrity": "sha512-rXqOmH1VilAt2DyPzluTi2blhk17bO7ef+zLLPlWvG494pDxcM234pJ8wTc/6R40UWizAIIMgxjvxZg5kmsbag=="
    },
    "popper.js": {
      "version": "1.14.7",
      "resolved": "https://registry.npmjs.org/popper.js/-/popper.js-1.14.7.tgz",
      "integrity": "sha512-4q1hNvoUre/8srWsH7hnoSJ5xVmIL4qgz+s4qf2TnJIMyZFUFMGH+9vE7mXynAlHSZ/NdTmmow86muD0myUkVQ=="
    }
  }
}
